{
    "_readme": [
        "This file locks the dependencies of your project to a known state",
        "Read more about it at http://getcomposer.org/doc/01-basic-usage.md#composer-lock-the-lock-file",
        "This file is @generated automatically"
    ],
    "hash": "95562a7fc62c87c6ddac6657d72dbb22",
    "packages": [
        {
            "name": "hollodotme/utilities",
            "version": "dev-master",
            "source": {
                "type": "git",
                "url": "https://github.com/hollodotme/Utilities.git",
                "reference": "0d1c2db2267f3d07ceb64b427517cf85f2d021b0"
            },
            "dist": {
                "type": "zip",
                "url": "https://api.github.com/repos/hollodotme/Utilities/zipball/0d1c2db2267f3d07ceb64b427517cf85f2d021b0",
                "reference": "0d1c2db2267f3d07ceb64b427517cf85f2d021b0",
                "shasum": ""
            },
            "require-dev": {
                "hollodotme/treemdown": "~1.0"
            },
            "type": "library",
            "autoload": {
                "psr-4": {
                    "hollodotme\\Utilities\\": "dist/"
                }
            },
            "notification-url": "https://packagist.org/downloads/",
            "license": [
                "proprietary"
            ],
            "authors": [
                {
                    "name": "Holger Woltersdorf",
                    "email": "hw@hollo.me",
                    "homepage": "http://github.com/hollodotme"
                }
            ],
            "description": "Simple utilities to include",
            "time": "2014-10-14 18:43:06"
        }
    ],
    "packages-dev": [],
    "aliases": [],
    "minimum-stability": "stable",
    "stability-flags": {
        "hollodotme/utilities": 20
    },
    "prefer-stable": false,
    "platform": {
        "php": ">=5.3"
    },
    "platform-dev": []
}
